# This file was autogenerated by Stack.
# You should not edit this file by hand.
# For more information, please see the documentation at:
#   https://docs.haskellstack.org/en/stable/lock_files

packages:
- completed:
    hackage: Agda-2.7.0@sha256:d35219334169b3000569b596a42aad453a2df111928c30d7e03a4cc6461aa5d7,29704
    pantry-tree:
      sha256: 3c2373af2c6e97f5b02e6531e74ac660c8a9a7c54b951b63a5c4d43a5772e2f3
      size: 43359
  original:
    hackage: Agda-2.7.0
snapshots:
- completed:
    sha256: 08bd13ce621b41a8f5e51456b38d5b46d7783ce114a50ab604d6bbab0d002146
    size: 720271
    url: https://raw.githubusercontent.com/commercialhaskell/stackage-snapshots/master/lts/22/43.yaml
  original: lts-22.43
